// !$*UTF8*$!
{
	archiveVersion = 1;
	classes = {
	};
	objectVersion = 46;
	objects = {

/* Begin PBXBuildFile section */
		1BF5201E1E8165C1005F1C0C /* AppDelegate.swift in Sources */ = {isa = PBXBuildFile; fileRef = 1BF5201D1E8165C1005F1C0C /* AppDelegate.swift */; };
		1BF520201E8165C1005F1C0C /* ViewController.swift in Sources */ = {isa = PBXBuildFile; fileRef = 1BF5201F1E8165C1005F1C0C /* ViewController.swift */; };
		1BF520231E8165C1005F1C0C /* Main.storyboard in Resources */ = {isa = PBXBuildFile; fileRef = 1BF520211E8165C1005F1C0C /* Main.storyboard */; };
		1BF520251E8165C1005F1C0C /* Assets.xcassets in Resources */ = {isa = PBXBuildFile; fileRef = 1BF520241E8165C1005F1C0C /* Assets.xcassets */; };
		1BF520281E8165C1005F1C0C /* LaunchScreen.storyboard in Resources */ = {isa = PBXBuildFile; fileRef = 1BF520261E8165C1005F1C0C /* LaunchScreen.storyboard */; };
		1BF520331E82BA55005F1C0C /* APIController.swift in Sources */ = {isa = PBXBuildFile; fileRef = 1BF520321E82BA55005F1C0C /* APIController.swift */; };
		1BF520351E82BA71005F1C0C /* UserDepartment.swift in Sources */ = {isa = PBXBuildFile; fileRef = 1BF520341E82BA71005F1C0C /* UserDepartment.swift */; };
		1BF520371E82BA7E005F1C0C /* UserItem.swift in Sources */ = {isa = PBXBuildFile; fileRef = 1BF520361E82BA7E005F1C0C /* UserItem.swift */; };
		1BF5203E1E82D603005F1C0C /* UserInfoCell.swift in Sources */ = {isa = PBXBuildFile; fileRef = 1BF5203D1E82D603005F1C0C /* UserInfoCell.swift */; };
		6A4898AF0AEBBCD46CBB4A96 /* Pods_AbstractTarget_RequestResponseMapper.framework in Frameworks */ = {isa = PBXBuildFile; fileRef = E3757B8C5B5E10D38D3A5EAD /* Pods_AbstractTarget_RequestResponseMapper.framework */; };
		A6566D2F3F2EA221B9C663A8 /* Pods_RequestResponseMapper.framework in Frameworks */ = {isa = PBXBuildFile; fileRef = A36CA8C2FC70DC829869D3EC /* Pods_RequestResponseMapper.framework */; };
/* End PBXBuildFile section */

/* Begin PBXFileReference section */
		1BF5201A1E8165C1005F1C0C /* RequestResponseMapper.app */ = {isa = PBXFileReference; explicitFileType = wrapper.application; includeInIndex = 0; path = RequestResponseMapper.app; sourceTree = BUILT_PRODUCTS_DIR; };
		1BF5201D1E8165C1005F1C0C /* AppDelegate.swift */ = {isa = PBXFileReference; lastKnownFileType = sourcecode.swift; path = AppDelegate.swift; sourceTree = "<group>"; };
		1BF5201F1E8165C1005F1C0C /* ViewController.swift */ = {isa = PBXFileReference; lastKnownFileType = sourcecode.swift; path = ViewController.swift; sourceTree = "<group>"; };
		1BF520221E8165C1005F1C0C /* Base */ = {isa = PBXFileReference; lastKnownFileType = file.storyboard; name = Base; path = Base.lproj/Main.storyboard; sourceTree = "<group>"; };
		1BF520241E8165C1005F1C0C /* Assets.xcassets */ = {isa = PBXFileReference; lastKnownFileType = folder.assetcatalog; path = Assets.xcassets; sourceTree = "<group>"; };
		1BF520271E8165C1005F1C0C /* Base */ = {isa = PBXFileReference; lastKnownFileType = file.storyboard; name = Base; path = Base.lproj/LaunchScreen.storyboard; sourceTree = "<group>"; };
		1BF520291E8165C1005F1C0C /* Info.plist */ = {isa = PBXFileReference; lastKnownFileType = text.plist.xml; path = Info.plist; sourceTree = "<group>"; };
		1BF520321E82BA55005F1C0C /* APIController.swift */ = {isa = PBXFileReference; fileEncoding = 4; lastKnownFileType = sourcecode.swift; path = APIController.swift; sourceTree = "<group>"; };
		1BF520341E82BA71005F1C0C /* UserDepartment.swift */ = {isa = PBXFileReference; fileEncoding = 4; lastKnownFileType = sourcecode.swift; path = UserDepartment.swift; sourceTree = "<group>"; };
		1BF520361E82BA7E005F1C0C /* UserItem.swift */ = {isa = PBXFileReference; fileEncoding = 4; lastKnownFileType = sourcecode.swift; path = UserItem.swift; sourceTree = "<group>"; };
		1BF5203D1E82D603005F1C0C /* UserInfoCell.swift */ = {isa = PBXFileReference; fileEncoding = 4; lastKnownFileType = sourcecode.swift; path = UserInfoCell.swift; sourceTree = "<group>"; };
		A36CA8C2FC70DC829869D3EC /* Pods_RequestResponseMapper.framework */ = {isa = PBXFileReference; explicitFileType = wrapper.framework; includeInIndex = 0; path = Pods_RequestResponseMapper.framework; sourceTree = BUILT_PRODUCTS_DIR; };
		BE5078E2B23E08A393B496FB /* Pods-AbstractTarget-RequestResponseMapper.debug.xcconfig */ = {isa = PBXFileReference; includeInIndex = 1; lastKnownFileType = text.xcconfig; name = "Pods-AbstractTarget-RequestResponseMapper.debug.xcconfig"; path = "Pods/Target Support Files/Pods-AbstractTarget-RequestResponseMapper/Pods-AbstractTarget-RequestResponseMapper.debug.xcconfig"; sourceTree = "<group>"; };
		E3757B8C5B5E10D38D3A5EAD /* Pods_AbstractTarget_RequestResponseMapper.framework */ = {isa = PBXFileReference; explicitFileType = wrapper.framework; includeInIndex = 0; path = Pods_AbstractTarget_RequestResponseMapper.framework; sourceTree = BUILT_PRODUCTS_DIR; };
		FD1A3BB39AEF82B52E38ECB4 /* Pods-AbstractTarget-RequestResponseMapper.release.xcconfig */ = {isa = PBXFileReference; includeInIndex = 1; lastKnownFileType = text.xcconfig; name = "Pods-AbstractTarget-RequestResponseMapper.release.xcconfig"; path = "Pods/Target Support Files/Pods-AbstractTarget-RequestResponseMapper/Pods-AbstractTarget-RequestResponseMapper.release.xcconfig"; sourceTree = "<group>"; };
/* End PBXFileReference section */

/* Begin PBXFrameworksBuildPhase section */
		1BF520171E8165BC005F1C0C /* Frameworks */ = {
			isa = PBXFrameworksBuildPhase;
			buildActionMask = 2147483647;
			files = (
				A6566D2F3F2EA221B9C663A8 /* Pods_RequestResponseMapper.framework in Frameworks */,
				6A4898AF0AEBBCD46CBB4A96 /* Pods_AbstractTarget_RequestResponseMapper.framework in Frameworks */,
			);
			runOnlyForDeploymentPostprocessing = 0;
		};
/* End PBXFrameworksBuildPhase section */

/* Begin PBXGroup section */
		0CBEC10803A83082941FA170 /* Frameworks */ = {
			isa = PBXGroup;
			children = (
				A36CA8C2FC70DC829869D3EC /* Pods_RequestResponseMapper.framework */,
				E3757B8C5B5E10D38D3A5EAD /* Pods_AbstractTarget_RequestResponseMapper.framework */,
			);
			name = Frameworks;
			sourceTree = "<group>";
		};
		1BF520111E8165BC005F1C0C = {
			isa = PBXGroup;
			children = (
				1BF5201C1E8165C1005F1C0C /* RequestResponseMapper */,
				1BF5201B1E8165C1005F1C0C /* Products */,
				5FFC64D97D4A161B1B5B39F3 /* Pods */,
				0CBEC10803A83082941FA170 /* Frameworks */,
			);
			sourceTree = "<group>";
		};
		1BF5201B1E8165C1005F1C0C /* Products */ = {
			isa = PBXGroup;
			children = (
				1BF5201A1E8165C1005F1C0C /* RequestResponseMapper.app */,
			);
			name = Products;
			sourceTree = "<group>";
		};
		1BF5201C1E8165C1005F1C0C /* RequestResponseMapper */ = {
			isa = PBXGroup;
			children = (
				1BF520441E83E644005F1C0C /* LaunchScreen */,
				1BF520431E83E63B005F1C0C /* Resources */,
				1BF520421E83E62D005F1C0C /* Assets */,
				1BF520411E83E61E005F1C0C /* AppDelegate */,
				1BF520401E83E611005F1C0C /* Storyboard */,
				1BF5203F1E83E601005F1C0C /* Utils */,
				1BF520381E82BA82005F1C0C /* Model */,
				1BF5203A1E82BA98005F1C0C /* ViewController */,
				1BF520391E82BA8E005F1C0C /* API */,
			);
			path = RequestResponseMapper;
			sourceTree = "<group>";
		};
		1BF520381E82BA82005F1C0C /* Model */ = {
			isa = PBXGroup;
			children = (
				1BF520341E82BA71005F1C0C /* UserDepartment.swift */,
				1BF520361E82BA7E005F1C0C /* UserItem.swift */,
			);
			name = Model;
			sourceTree = "<group>";
		};
		1BF520391E82BA8E005F1C0C /* API */ = {
			isa = PBXGroup;
			children = (
				1BF520321E82BA55005F1C0C /* APIController.swift */,
			);
			name = API;
			sourceTree = "<group>";
		};
		1BF5203A1E82BA98005F1C0C /* ViewController */ = {
			isa = PBXGroup;
			children = (
				1BF5201F1E8165C1005F1C0C /* ViewController.swift */,
				1BF5203D1E82D603005F1C0C /* UserInfoCell.swift */,
			);
			name = ViewController;
			sourceTree = "<group>";
		};
		1BF5203F1E83E601005F1C0C /* Utils */ = {
			isa = PBXGroup;
			children = (
			);
			name = Utils;
			sourceTree = "<group>";
		};
		1BF520401E83E611005F1C0C /* Storyboard */ = {
			isa = PBXGroup;
			children = (
				1BF520211E8165C1005F1C0C /* Main.storyboard */,
			);
			name = Storyboard;
			sourceTree = "<group>";
		};
		1BF520411E83E61E005F1C0C /* AppDelegate */ = {
			isa = PBXGroup;
			children = (
				1BF5201D1E8165C1005F1C0C /* AppDelegate.swift */,
			);
			name = AppDelegate;
			sourceTree = "<group>";
		};
		1BF520421E83E62D005F1C0C /* Assets */ = {
			isa = PBXGroup;
			children = (
				1BF520241E8165C1005F1C0C /* Assets.xcassets */,
			);
			name = Assets;
			sourceTree = "<group>";
		};
		1BF520431E83E63B005F1C0C /* Resources */ = {
			isa = PBXGroup;
			children = (
				1BF520291E8165C1005F1C0C /* Info.plist */,
			);
			name = Resources;
			sourceTree = "<group>";
		};
		1BF520441E83E644005F1C0C /* LaunchScreen */ = {
			isa = PBXGroup;
			children = (
				1BF520261E8165C1005F1C0C /* LaunchScreen.storyboard */,
			);
			name = LaunchScreen;
			sourceTree = "<group>";
		};
		5FFC64D97D4A161B1B5B39F3 /* Pods */ = {
			isa = PBXGroup;
			children = (
				BE5078E2B23E08A393B496FB /* Pods-AbstractTarget-RequestResponseMapper.debug.xcconfig */,
				FD1A3BB39AEF82B52E38ECB4 /* Pods-AbstractTarget-RequestResponseMapper.release.xcconfig */,
			);
			name = Pods;
			sourceTree = "<group>";
		};
/* End PBXGroup section */

/* Begin PBXNativeTarget section */
		1BF520191E8165BC005F1C0C /* RequestResponseMapper */ = {
			isa = PBXNativeTarget;
			buildConfigurationList = 1BF5202C1E8165C1005F1C0C /* Build configuration list for PBXNativeTarget "RequestResponseMapper" */;
			buildPhases = (
				154360DA4E5A9E936C8DA210 /* [CP] Check Pods Manifest.lock */,
				1BF520161E8165BC005F1C0C /* Sources */,
				1BF520171E8165BC005F1C0C /* Frameworks */,
				1BF520181E8165BC005F1C0C /* Resources */,
				A93D88C87170A028402D8786 /* [CP] Embed Pods Frameworks */,
				5A2D000C3F735F0B058C9EC5 /* [CP] Copy Pods Resources */,
			);
			buildRules = (
			);
			dependencies = (
			);
			name = RequestResponseMapper;
			productName = RequestResponseMapper;
			productReference = 1BF5201A1E8165C1005F1C0C /* RequestResponseMapper.app */;
			productType = "com.apple.product-type.application";
		};
/* End PBXNativeTarget section */

/* Begin PBXProject section */
		1BF520121E8165BC005F1C0C /* Project object */ = {
			isa = PBXProject;
			attributes = {
				LastSwiftUpdateCheck = 0820;
				LastUpgradeCheck = 0820;
				ORGANIZATIONNAME = Raj;
				TargetAttributes = {
					1BF520191E8165BC005F1C0C = {
						CreatedOnToolsVersion = 8.2.1;
						ProvisioningStyle = Automatic;
					};
				};
			};
			buildConfigurationList = 1BF520151E8165BC005F1C0C /* Build configuration list for PBXProject "RequestResponseMapper" */;
			compatibilityVersion = "Xcode 3.2";
			developmentRegion = English;
			hasScannedForEncodings = 0;
			knownRegions = (
				en,
				Base,
			);
			mainGroup = 1BF520111E8165BC005F1C0C;
			productRefGroup = 1BF5201B1E8165C1005F1C0C /* Products */;
			projectDirPath = "";
			projectRoot = "";
			targets = (
				1BF520191E8165BC005F1C0C /* RequestResponseMapper */,
			);
		};
/* End PBXProject section */

/* Begin PBXResourcesBuildPhase section */
		1BF520181E8165BC005F1C0C /* Resources */ = {
			isa = PBXResourcesBuildPhase;
			buildActionMask = 2147483647;
			files = (
				1BF520281E8165C1005F1C0C /* LaunchScreen.storyboard in Resources */,
				1BF520251E8165C1005F1C0C /* Assets.xcassets in Resources */,
				1BF520231E8165C1005F1C0C /* Main.storyboard in Resources */,
			);
			runOnlyForDeploymentPostprocessing = 0;
		};
/* End PBXResourcesBuildPhase section */

/* Begin PBXShellScriptBuildPhase section */
		154360DA4E5A9E936C8DA210 /* [CP] Check Pods Manifest.lock */ = {
			isa = PBXShellScriptBuildPhase;
			buildActionMask = 2147483647;
			files = (
			);
			inputPaths = (
			);
			name = "[CP] Check Pods Manifest.lock";
			outputPaths = (
			);
			runOnlyForDeploymentPostprocessing = 0;
			shellPath = /bin/sh;
			shellScript = "diff \"${PODS_ROOT}/../Podfile.lock\" \"${PODS_ROOT}/Manifest.lock\" > /dev/null\nif [ $? != 0 ] ; then\n    # print error to STDERR\n    echo \"error: The sandbox is not in sync with the Podfile.lock. Run 'pod install' or update your CocoaPods installation.\" >&2\n    exit 1\nfi\n";
			showEnvVarsInLog = 0;
		};
		5A2D000C3F735F0B058C9EC5 /* [CP] Copy Pods Resources */ = {
			isa = PBXShellScriptBuildPhase;
			buildActionMask = 2147483647;
			files = (
			);
			inputPaths = (
			);
			name = "[CP] Copy Pods Resources";
			outputPaths = (
			);
			runOnlyForDeploymentPostprocessing = 0;
			shellPath = /bin/sh;
			shellScript = "\"${SRCROOT}/Pods/Target Support Files/Pods-AbstractTarget-RequestResponseMapper/Pods-AbstractTarget-RequestResponseMapper-resources.sh\"\n";
			showEnvVarsInLog = 0;
		};
		A93D88C87170A028402D8786 /* [CP] Embed Pods Frameworks */ = {
			isa = PBXShellScriptBuildPhase;
			buildActionMask = 2147483647;
			files = (
			);
			inputPaths = (
			);
			name = "[CP] Embed Pods Frameworks";
			outputPaths = (
			);
			runOnlyForDeploymentPostprocessing = 0;
			shellPath = /bin/sh;
			shellScript = "\"${SRCROOT}/Pods/Target Support Files/Pods-AbstractTarget-RequestResponseMapper/Pods-AbstractTarget-RequestResponseMapper-frameworks.sh\"\n";
			showEnvVarsInLog = 0;
		};
/* End PBXShellScriptBuildPhase section */

/* Begin PBXSourcesBuildPhase section */
		1BF520161E8165BC005F1C0C /* Sources */ = {
			isa = PBXSourcesBuildPhase;
			buildActionMask = 2147483647;
			files = (
				1BF520371E82BA7E005F1C0C /* UserItem.swift in Sources */,
				1BF520201E8165C1005F1C0C /* ViewController.swift in Sources */,
				1BF5201E1E8165C1005F1C0C /* AppDelegate.swift in Sources */,
				1BF520351E82BA71005F1C0C /* UserDepartment.swift in Sources */,
				1BF520331E82BA55005F1C0C /* APIController.swift in Sources */,
				1BF5203E1E82D603005F1C0C /* UserInfoCell.swift in Sources */,
			);
			runOnlyForDeploymentPostprocessing = 0;
		};
/* End PBXSourcesBuildPhase section */

/* Begin PBXVariantGroup section */
		1BF520211E8165C1005F1C0C /* Main.storyboard */ = {
			isa = PBXVariantGroup;
			children = (
				1BF520221E8165C1005F1C0C /* Base */,
			);
			name = Main.storyboard;
			sourceTree = "<group>";
		};
		1BF520261E8165C1005F1C0C /* LaunchScreen.storyboard */ = {
			isa = PBXVariantGroup;
			children = (
				1BF520271E8165C1005F1C0C /* Base */,
			);
			name = LaunchScreen.storyboard;
			sourceTree = "<group>";
		};
/* End PBXVariantGroup section */

/* Begin XCBuildConfiguration section */
		1BF5202A1E8165C1005F1C0C /* Debug */ = {
			isa = XCBuildConfiguration;
			buildSettings = {
				ALWAYS_SEARCH_USER_PATHS = NO;
				CLANG_ANALYZER_NONNULL = YES;
				CLANG_CXX_LANGUAGE_STANDARD = "gnu++0x";
				CLANG_CXX_LIBRARY = "libc++";
				CLANG_ENABLE_MODULES = YES;
				CLANG_ENABLE_OBJC_ARC = YES;
				CLANG_WARN_BOOL_CONVERSION = YES;
				CLANG_WARN_CONSTANT_CONVERSION = YES;
				CLANG_WARN_DIRECT_OBJC_ISA_USAGE = YES_ERROR;
				CLANG_WARN_DOCUMENTATION_COMMENTS = YES;
				CLANG_WARN_EMPTY_BODY = YES;
				CLANG_WARN_ENUM_CONVERSION = YES;
				CLANG_WARN_INFINITE_RECURSION = YES;
				CLANG_WARN_INT_CONVERSION = YES;
				CLANG_WARN_OBJC_ROOT_CLASS = YES_ERROR;
				CLANG_WARN_SUSPICIOUS_MOVE = YES;
				CLANG_WARN_UNREACHABLE_CODE = YES;
				CLANG_WARN__DUPLICATE_METHOD_MATCH = YES;
				"CODE_SIGN_IDENTITY[sdk=iphoneos*]" = "iPhone Developer";
				COPY_PHASE_STRIP = NO;
				DEBUG_INFORMATION_FORMAT = dwarf;
				ENABLE_STRICT_OBJC_MSGSEND = YES;
				ENABLE_TESTABILITY = YES;
				GCC_C_LANGUAGE_STANDARD = gnu99;
				GCC_DYNAMIC_NO_PIC = NO;
				GCC_NO_COMMON_BLOCKS = YES;
				GCC_OPTIMIZATION_LEVEL = 0;
				GCC_PREPROCESSOR_DEFINITIONS = (
					"DEBUG=1",
					"$(inherited)",
				);
				GCC_WARN_64_TO_32_BIT_CONVERSION = YES;
				GCC_WARN_ABOUT_RETURN_TYPE = YES_ERROR;
				GCC_WARN_UNDECLARED_SELECTOR = YES;
				GCC_WARN_UNINITIALIZED_AUTOS = YES_AGGRESSIVE;
				GCC_WARN_UNUSED_FUNCTION = YES;
				GCC_WARN_UNUSED_VARIABLE = YES;
				IPHONEOS_DEPLOYMENT_TARGET = 10.2;
				MTL_ENABLE_DEBUG_INFO = YES;
				ONLY_ACTIVE_ARCH = YES;
				SDKROOT = iphoneos;
				SWIFT_ACTIVE_COMPILATION_CONDITIONS = DEBUG;
				SWIFT_OPTIMIZATION_LEVEL = "-Onone";
			};
			name = Debug;
		};
		1BF5202B1E8165C1005F1C0C /* Release */ = {
			isa = XCBuildConfiguration;
			buildSettings = {
				ALWAYS_SEARCH_USER_PATHS = NO;
				CLANG_ANALYZER_NONNULL = YES;
				CLANG_CXX_LANGUAGE_STANDARD = "gnu++0x";
				CLANG_CXX_LIBRARY = "libc++";
				CLANG_ENABLE_MODULES = YES;
				CLANG_ENABLE_OBJC_ARC = YES;
				CLANG_WARN_BOOL_CONVERSION = YES;
				CLANG_WARN_CONSTANT_CONVERSION = YES;
				CLANG_WARN_DIRECT_OBJC_ISA_USAGE = YES_ERROR;
				CLANG_WARN_DOCUMENTATION_COMMENTS = YES;
				CLANG_WARN_EMPTY_BODY = YES;
				CLANG_WARN_ENUM_CONVERSION = YES;
				CLANG_WARN_INFINITE_RECURSION = YES;
				CLANG_WARN_INT_CONVERSION = YES;
				CLANG_WARN_OBJC_ROOT_CLASS = YES_ERROR;
				CLANG_WARN_SUSPICIOUS_MOVE = YES;
				CLANG_WARN_UNREACHABLE_CODE = YES;
				CLANG_WARN__DUPLICATE_METHOD_MATCH = YES;
				"CODE_SIGN_IDENTITY[sdk=iphoneos*]" = "iPhone Developer";
				COPY_PHASE_STRIP = NO;
				DEBUG_INFORMATION_FORMAT = "dwarf-with-dsym";
				ENABLE_NS_ASSERTIONS = NO;
				ENABLE_STRICT_OBJC_MSGSEND = YES;
				GCC_C_LANGUAGE_STANDARD = gnu99;
				GCC_NO_COMMON_BLOCKS = YES;
				GCC_WARN_64_TO_32_BIT_CONVERSION = YES;
				GCC_WARN_ABOUT_RETURN_TYPE = YES_ERROR;
				GCC_WARN_UNDECLARED_SELECTOR = YES;
				GCC_WARN_UNINITIALIZED_AUTOS = YES_AGGRESSIVE;
				GCC_WARN_UNUSED_FUNCTION = YES;
				GCC_WARN_UNUSED_VARIABLE = YES;
				IPHONEOS_DEPLOYMENT_TARGET = 10.2;
				MTL_ENABLE_DEBUG_INFO = NO;
				SDKROOT = iphoneos;
				SWIFT_OPTIMIZATION_LEVEL = "-Owholemodule";
				VALIDATE_PRODUCT = YES;
			};
			name = Release;
		};
		1BF5202D1E8165C1005F1C0C /* Debug */ = {
			isa = XCBuildConfiguration;
			baseConfigurationReference = BE5078E2B23E08A393B496FB /* Pods-AbstractTarget-RequestResponseMapper.debug.xcconfig */;
			buildSettings = {
				ASSETCATALOG_COMPILER_APPICON_NAME = AppIcon;
				INFOPLIST_FILE = RequestResponseMapper/Info.plist;
				LD_RUNPATH_SEARCH_PATHS = "$(inherited) @executable_path/Frameworks";
				PRODUCT_BUNDLE_IDENTIFIER = com.klm.RequestResponseMapper;
				PRODUCT_NAME = "$(TARGET_NAME)";
				SWIFT_VERSION = 3.0;
			};
			name = Debug;
		};
		1BF5202E1E8165C1005F1C0C /* Release */ = {
			isa = XCBuildConfiguration;
			baseConfigurationReference = FD1A3BB39AEF82B52E38ECB4 /* Pods-AbstractTarget-RequestResponseMapper.release.xcconfig */;
			buildSettings = {
				ASSETCATALOG_COMPILER_APPICON_NAME = AppIcon;
				INFOPLIST_FILE = RequestResponseMapper/Info.plist;
				LD_RUNPATH_SEARCH_PATHS = "$(inherited) @executable_path/Frameworks";
				PRODUCT_BUNDLE_IDENTIFIER = com.klm.RequestResponseMapper;
				PRODUCT_NAME = "$(TARGET_NAME)";
				SWIFT_VERSION = 3.0;
			};
			name = Release;
		};
/* End XCBuildConfiguration section */

/* Begin XCConfigurationList section */
		1BF520151E8165BC005F1C0C /* Build configuration list for PBXProject "RequestResponseMapper" */ = {
			isa = XCConfigurationList;
			buildConfigurations = (
				1BF5202A1E8165C1005F1C0C /* Debug */,
				1BF5202B1E8165C1005F1C0C /* Release */,
			);
			defaultConfigurationIsVisible = 0;
			defaultConfigurationName = Release;
		};
		1BF5202C1E8165C1005F1C0C /* Build configuration list for PBXNativeTarget "RequestResponseMapper" */ = {
			isa = XCConfigurationList;
			buildConfigurations = (
				1BF5202D1E8165C1005F1C0C /* Debug */,
				1BF5202E1E8165C1005F1C0C /* Release */,
			);
			defaultConfigurationIsVisible = 0;
			defaultConfigurationName = Release;
		};
/* End XCConfigurationList section */
	};
	rootObject = 1BF520121E8165BC005F1C0C /* Project object */;
}
